dependencies:
<<<<<<< HEAD
- name: common
  repository: https://charts.bitnami.com/bitnami
  version: 1.8.0
- name: mariadb
  repository: https://charts.bitnami.com/bitnami
  version: 9.4.2
digest: sha256:9b54fdb6d65f3d5cb935a79da7ed5720dfa5f9eb496fc0c84e360c41dc4f8d75
generated: "2021-08-25T00:57:08.072803419Z"
=======
- name: mariadb
  repository: https://charts.bitnami.com/bitnami
  version: 11.2.0
- name: common
  repository: https://charts.bitnami.com/bitnami
  version: 2.0.0
digest: sha256:8a3f4bcd6880f96244f810f707aa29a9ca8b16389aa7a144929a9c70d2ff16e1
generated: "2022-08-22T14:26:59.833249673Z"
>>>>>>> ee2009506fa88a29a08be8ffce1bb6753a5ab4d0
