dependencies:
<<<<<<< HEAD
- name: mariadb
  repository: https://charts.bitnami.com/bitnami
  version: 9.4.4
- name: memcached
  repository: https://charts.bitnami.com/bitnami
  version: 5.14.2
- name: common
  repository: https://charts.bitnami.com/bitnami
  version: 1.8.0
digest: sha256:4e79fd640dab126f76d7cdb493c4c5970b9eddfc8721a4f19cf6e388d753c096
generated: "2021-08-31T07:55:13.930025782Z"
=======
- name: memcached
  repository: https://charts.bitnami.com/bitnami
  version: 6.2.0
- name: mariadb
  repository: https://charts.bitnami.com/bitnami
  version: 11.2.0
- name: common
  repository: https://charts.bitnami.com/bitnami
  version: 2.0.0
digest: sha256:b1a88d0d728f55057370900d20826005138b9a4d60a7bb22f5d01a9d04ae3843
generated: "2022-08-22T14:09:00.676157639Z"
>>>>>>> ee2009506fa88a29a08be8ffce1bb6753a5ab4d0
